// !$*UTF8*$!
{
	archiveVersion = 1;
	classes = {
	};
	objectVersion = 56;
	objects = {

/* Begin PBXBuildFile section */
		5098F8792CE15D3D00E4E356 /* AppDelegate.swift in Sources */ = {isa = PBXBuildFile; fileRef = 5098F8782CE15D3D00E4E356 /* AppDelegate.swift */; };
		5098F87B2CE15D3D00E4E356 /* SceneDelegate.swift in Sources */ = {isa = PBXBuildFile; fileRef = 5098F87A2CE15D3D00E4E356 /* SceneDelegate.swift */; };
		5098F87D2CE15D3D00E4E356 /* ViewController.swift in Sources */ = {isa = PBXBuildFile; fileRef = 5098F87C2CE15D3D00E4E356 /* ViewController.swift */; };
		5098F8802CE15D3D00E4E356 /* Base in Resources */ = {isa = PBXBuildFile; fileRef = 5098F87F2CE15D3D00E4E356 /* Base */; };
		5098F8822CE15D3E00E4E356 /* Assets.xcassets in Resources */ = {isa = PBXBuildFile; fileRef = 5098F8812CE15D3E00E4E356 /* Assets.xcassets */; };
		5098F8852CE15D3E00E4E356 /* Base in Resources */ = {isa = PBXBuildFile; fileRef = 5098F8842CE15D3E00E4E356 /* Base */; };
		5098F8902CE15D3F00E4E356 /* Guided_Project___LightTests.swift in Sources */ = {isa = PBXBuildFile; fileRef = 5098F88F2CE15D3F00E4E356 /* Guided_Project___LightTests.swift */; };
		5098F89A2CE15D3F00E4E356 /* Guided_Project___LightUITests.swift in Sources */ = {isa = PBXBuildFile; fileRef = 5098F8992CE15D3F00E4E356 /* Guided_Project___LightUITests.swift */; };
		5098F89C2CE15D3F00E4E356 /* Guided_Project___LightUITestsLaunchTests.swift in Sources */ = {isa = PBXBuildFile; fileRef = 5098F89B2CE15D3F00E4E356 /* Guided_Project___LightUITestsLaunchTests.swift */; };
/* End PBXBuildFile section */

/* Begin PBXContainerItemProxy section */
		5098F88C2CE15D3F00E4E356 /* PBXContainerItemProxy */ = {
			isa = PBXContainerItemProxy;
			containerPortal = 5098F86D2CE15D3D00E4E356 /* Project object */;
			proxyType = 1;
			remoteGlobalIDString = 5098F8742CE15D3D00E4E356;
			remoteInfo = "Guided Project - Light";
		};
		5098F8962CE15D3F00E4E356 /* PBXContainerItemProxy */ = {
			isa = PBXContainerItemProxy;
			containerPortal = 5098F86D2CE15D3D00E4E356 /* Project object */;
			proxyType = 1;
			remoteGlobalIDString = 5098F8742CE15D3D00E4E356;
			remoteInfo = "Guided Project - Light";
		};
/* End PBXContainerItemProxy section */

/* Begin PBXFileReference section */
		5098F8752CE15D3D00E4E356 /* Guided Project - Light.app */ = {isa = PBXFileReference; explicitFileType = wrapper.application; includeInIndex = 0; path = "Guided Project - Light.app"; sourceTree = BUILT_PRODUCTS_DIR; };
		5098F8782CE15D3D00E4E356 /* AppDelegate.swift */ = {isa = PBXFileReference; lastKnownFileType = sourcecode.swift; path = AppDelegate.swift; sourceTree = "<group>"; };
		5098F87A2CE15D3D00E4E356 /* SceneDelegate.swift */ = {isa = PBXFileReference; lastKnownFileType = sourcecode.swift; path = SceneDelegate.swift; sourceTree = "<group>"; };
		5098F87C2CE15D3D00E4E356 /* ViewController.swift */ = {isa = PBXFileReference; lastKnownFileType = sourcecode.swift; path = ViewController.swift; sourceTree = "<group>"; };
		5098F87F2CE15D3D00E4E356 /* Base */ = {isa = PBXFileReference; lastKnownFileType = file.storyboard; name = Base; path = Base.lproj/Main.storyboard; sourceTree = "<group>"; };
		5098F8812CE15D3E00E4E356 /* Assets.xcassets */ = {isa = PBXFileReference; lastKnownFileType = folder.assetcatalog; path = Assets.xcassets; sourceTree = "<group>"; };
		5098F8842CE15D3E00E4E356 /* Base */ = {isa = PBXFileReference; lastKnownFileType = file.storyboard; name = Base; path = Base.lproj/LaunchScreen.storyboard; sourceTree = "<group>"; };
		5098F8862CE15D3E00E4E356 /* Info.plist */ = {isa = PBXFileReference; lastKnownFileType = text.plist.xml; path = Info.plist; sourceTree = "<group>"; };
		5098F88B2CE15D3F00E4E356 /* Guided Project - LightTests.xctest */ = {isa = PBXFileReference; explicitFileType = wrapper.cfbundle; includeInIndex = 0; path = "Guided Project - LightTests.xctest"; sourceTree = BUILT_PRODUCTS_DIR; };
		5098F88F2CE15D3F00E4E356 /* Guided_Project___LightTests.swift */ = {isa = PBXFileReference; lastKnownFileType = sourcecode.swift; path = "Guided_Project___LightTests.swift"; sourceTree = "<group>"; };
		5098F8952CE15D3F00E4E356 /* Guided Project - LightUITests.xctest */ = {isa = PBXFileReference; explicitFileType = wrapper.cfbundle; includeInIndex = 0; path = "Guided Project - LightUITests.xctest"; sourceTree = BUILT_PRODUCTS_DIR; };
		5098F8992CE15D3F00E4E356 /* Guided_Project___LightUITests.swift */ = {isa = PBXFileReference; lastKnownFileType = sourcecode.swift; path = "Guided_Project___LightUITests.swift"; sourceTree = "<group>"; };
		5098F89B2CE15D3F00E4E356 /* Guided_Project___LightUITestsLaunchTests.swift */ = {isa = PBXFileReference; lastKnownFileType = sourcecode.swift; path = "Guided_Project___LightUITestsLaunchTests.swift"; sourceTree = "<group>"; };
/* End PBXFileReference section */

/* Begin PBXFrameworksBuildPhase section */
		5098F8722CE15D3D00E4E356 /* Frameworks */ = {
			isa = PBXFrameworksBuildPhase;
			buildActionMask = 2147483647;
			files = (
			);
			runOnlyForDeploymentPostprocessing = 0;
		};
		5098F8882CE15D3F00E4E356 /* Frameworks */ = {
			isa = PBXFrameworksBuildPhase;
			buildActionMask = 2147483647;
			files = (
			);
			runOnlyForDeploymentPostprocessing = 0;
		};
		5098F8922CE15D3F00E4E356 /* Frameworks */ = {
			isa = PBXFrameworksBuildPhase;
			buildActionMask = 2147483647;
			files = (
			);
			runOnlyForDeploymentPostprocessing = 0;
		};
/* End PBXFrameworksBuildPhase section */

/* Begin PBXGroup section */
		5098F86C2CE15D3D00E4E356 = {
			isa = PBXGroup;
			children = (
				5098F8772CE15D3D00E4E356 /* Guided Project - Light */,
				5098F88E2CE15D3F00E4E356 /* Guided Project - LightTests */,
				5098F8982CE15D3F00E4E356 /* Guided Project - LightUITests */,
				5098F8762CE15D3D00E4E356 /* Products */,
			);
			sourceTree = "<group>";
		};
		5098F8762CE15D3D00E4E356 /* Products */ = {
			isa = PBXGroup;
			children = (
				5098F8752CE15D3D00E4E356 /* Guided Project - Light.app */,
				5098F88B2CE15D3F00E4E356 /* Guided Project - LightTests.xctest */,
				5098F8952CE15D3F00E4E356 /* Guided Project - LightUITests.xctest */,
			);
			name = Products;
			sourceTree = "<group>";
		};
		5098F8772CE15D3D00E4E356 /* Guided Project - Light */ = {
			isa = PBXGroup;
			children = (
				5098F8782CE15D3D00E4E356 /* AppDelegate.swift */,
				5098F87A2CE15D3D00E4E356 /* SceneDelegate.swift */,
				5098F87C2CE15D3D00E4E356 /* ViewController.swift */,
				5098F87E2CE15D3D00E4E356 /* Main.storyboard */,
				5098F8812CE15D3E00E4E356 /* Assets.xcassets */,
				5098F8832CE15D3E00E4E356 /* LaunchScreen.storyboard */,
				5098F8862CE15D3E00E4E356 /* Info.plist */,
			);
			path = "Guided Project - Light";
			sourceTree = "<group>";
		};
		5098F88E2CE15D3F00E4E356 /* Guided Project - LightTests */ = {
			isa = PBXGroup;
			children = (
				5098F88F2CE15D3F00E4E356 /* Guided_Project___LightTests.swift */,
			);
			path = "Guided Project - LightTests";
			sourceTree = "<group>";
		};
		5098F8982CE15D3F00E4E356 /* Guided Project - LightUITests */ = {
			isa = PBXGroup;
			children = (
				5098F8992CE15D3F00E4E356 /* Guided_Project___LightUITests.swift */,
				5098F89B2CE15D3F00E4E356 /* Guided_Project___LightUITestsLaunchTests.swift */,
			);
			path = "Guided Project - LightUITests";
			sourceTree = "<group>";
		};
/* End PBXGroup section */

/* Begin PBXNativeTarget section */
		5098F8742CE15D3D00E4E356 /* Guided Project - Light */ = {
			isa = PBXNativeTarget;
			buildConfigurationList = 5098F89F2CE15D3F00E4E356 /* Build configuration list for PBXNativeTarget "Guided Project - Light" */;
			buildPhases = (
				5098F8712CE15D3D00E4E356 /* Sources */,
				5098F8722CE15D3D00E4E356 /* Frameworks */,
				5098F8732CE15D3D00E4E356 /* Resources */,
			);
			buildRules = (
			);
			dependencies = (
			);
			name = "Guided Project - Light";
			productName = "Guided Project - Light";
			productReference = 5098F8752CE15D3D00E4E356 /* Guided Project - Light.app */;
			productType = "com.apple.product-type.application";
		};
		5098F88A2CE15D3F00E4E356 /* Guided Project - LightTests */ = {
			isa = PBXNativeTarget;
			buildConfigurationList = 5098F8A22CE15D3F00E4E356 /* Build configuration list for PBXNativeTarget "Guided Project - LightTests" */;
			buildPhases = (
				5098F8872CE15D3F00E4E356 /* Sources */,
				5098F8882CE15D3F00E4E356 /* Frameworks */,
				5098F8892CE15D3F00E4E356 /* Resources */,
			);
			buildRules = (
			);
			dependencies = (
				5098F88D2CE15D3F00E4E356 /* PBXTargetDependency */,
			);
			name = "Guided Project - LightTests";
			productName = "Guided Project - LightTests";
			productReference = 5098F88B2CE15D3F00E4E356 /* Guided Project - LightTests.xctest */;
			productType = "com.apple.product-type.bundle.unit-test";
		};
		5098F8942CE15D3F00E4E356 /* Guided Project - LightUITests */ = {
			isa = PBXNativeTarget;
			buildConfigurationList = 5098F8A52CE15D3F00E4E356 /* Build configuration list for PBXNativeTarget "Guided Project - LightUITests" */;
			buildPhases = (
				5098F8912CE15D3F00E4E356 /* Sources */,
				5098F8922CE15D3F00E4E356 /* Frameworks */,
				5098F8932CE15D3F00E4E356 /* Resources */,
			);
			buildRules = (
			);
			dependencies = (
				5098F8972CE15D3F00E4E356 /* PBXTargetDependency */,
			);
			name = "Guided Project - LightUITests";
			productName = "Guided Project - LightUITests";
			productReference = 5098F8952CE15D3F00E4E356 /* Guided Project - LightUITests.xctest */;
			productType = "com.apple.product-type.bundle.ui-testing";
		};
/* End PBXNativeTarget section */

/* Begin PBXProject section */
		5098F86D2CE15D3D00E4E356 /* Project object */ = {
			isa = PBXProject;
			attributes = {
				BuildIndependentTargetsInParallel = 1;
				LastSwiftUpdateCheck = 1540;
				LastUpgradeCheck = 1540;
				TargetAttributes = {
					5098F8742CE15D3D00E4E356 = {
						CreatedOnToolsVersion = 15.4;
					};
					5098F88A2CE15D3F00E4E356 = {
						CreatedOnToolsVersion = 15.4;
						TestTargetID = 5098F8742CE15D3D00E4E356;
					};
					5098F8942CE15D3F00E4E356 = {
						CreatedOnToolsVersion = 15.4;
						TestTargetID = 5098F8742CE15D3D00E4E356;
					};
				};
			};
			buildConfigurationList = 5098F8702CE15D3D00E4E356 /* Build configuration list for PBXProject "Guided Project - Light" */;
			compatibilityVersion = "Xcode 14.0";
			developmentRegion = en;
			hasScannedForEncodings = 0;
			knownRegions = (
				en,
				Base,
			);
			mainGroup = 5098F86C2CE15D3D00E4E356;
			productRefGroup = 5098F8762CE15D3D00E4E356 /* Products */;
			projectDirPath = "";
			projectRoot = "";
			targets = (
				5098F8742CE15D3D00E4E356 /* Guided Project - Light */,
				5098F88A2CE15D3F00E4E356 /* Guided Project - LightTests */,
				5098F8942CE15D3F00E4E356 /* Guided Project - LightUITests */,
			);
		};
/* End PBXProject section */

/* Begin PBXResourcesBuildPhase section */
		5098F8732CE15D3D00E4E356 /* Resources */ = {
			isa = PBXResourcesBuildPhase;
			buildActionMask = 2147483647;
			files = (
				5098F8822CE15D3E00E4E356 /* Assets.xcassets in Resources */,
				5098F8852CE15D3E00E4E356 /* Base in Resources */,
				5098F8802CE15D3D00E4E356 /* Base in Resources */,
			);
			runOnlyForDeploymentPostprocessing = 0;
		};
		5098F8892CE15D3F00E4E356 /* Resources */ = {
			isa = PBXResourcesBuildPhase;
			buildActionMask = 2147483647;
			files = (
			);
			runOnlyForDeploymentPostprocessing = 0;
		};
		5098F8932CE15D3F00E4E356 /* Resources */ = {
			isa = PBXResourcesBuildPhase;
			buildActionMask = 2147483647;
			files = (
			);
			runOnlyForDeploymentPostprocessing = 0;
		};
/* End PBXResourcesBuildPhase section */

/* Begin PBXSourcesBuildPhase section */
		5098F8712CE15D3D00E4E356 /* Sources */ = {
			isa = PBXSourcesBuildPhase;
			buildActionMask = 2147483647;
			files = (
				5098F87D2CE15D3D00E4E356 /* ViewController.swift in Sources */,
				5098F8792CE15D3D00E4E356 /* AppDelegate.swift in Sources */,
				5098F87B2CE15D3D00E4E356 /* SceneDelegate.swift in Sources */,
			);
			runOnlyForDeploymentPostprocessing = 0;
		};
		5098F8872CE15D3F00E4E356 /* Sources */ = {
			isa = PBXSourcesBuildPhase;
			buildActionMask = 2147483647;
			files = (
				5098F8902CE15D3F00E4E356 /* Guided_Project___LightTests.swift in Sources */,
			);
			runOnlyForDeploymentPostprocessing = 0;
		};
		5098F8912CE15D3F00E4E356 /* Sources */ = {
			isa = PBXSourcesBuildPhase;
			buildActionMask = 2147483647;
			files = (
				5098F89A2CE15D3F00E4E356 /* Guided_Project___LightUITests.swift in Sources */,
				5098F89C2CE15D3F00E4E356 /* Guided_Project___LightUITestsLaunchTests.swift in Sources */,
			);
			runOnlyForDeploymentPostprocessing = 0;
		};
/* End PBXSourcesBuildPhase section */

/* Begin PBXTargetDependency section */
		5098F88D2CE15D3F00E4E356 /* PBXTargetDependency */ = {
			isa = PBXTargetDependency;
			target = 5098F8742CE15D3D00E4E356 /* Guided Project - Light */;
			targetProxy = 5098F88C2CE15D3F00E4E356 /* PBXContainerItemProxy */;
		};
		5098F8972CE15D3F00E4E356 /* PBXTargetDependency */ = {
			isa = PBXTargetDependency;
			target = 5098F8742CE15D3D00E4E356 /* Guided Project - Light */;
			targetProxy = 5098F8962CE15D3F00E4E356 /* PBXContainerItemProxy */;
		};
/* End PBXTargetDependency section */

/* Begin PBXVariantGroup section */
		5098F87E2CE15D3D00E4E356 /* Main.storyboard */ = {
			isa = PBXVariantGroup;
			children = (
				5098F87F2CE15D3D00E4E356 /* Base */,
			);
			name = Main.storyboard;
			sourceTree = "<group>";
		};
		5098F8832CE15D3E00E4E356 /* LaunchScreen.storyboard */ = {
			isa = PBXVariantGroup;
			children = (
				5098F8842CE15D3E00E4E356 /* Base */,
			);
			name = LaunchScreen.storyboard;
			sourceTree = "<group>";
		};
/* End PBXVariantGroup section */

/* Begin XCBuildConfiguration section */
		5098F89D2CE15D3F00E4E356 /* Debug */ = {
			isa = XCBuildConfiguration;
			buildSettings = {
				ALWAYS_SEARCH_USER_PATHS = NO;
				ASSETCATALOG_COMPILER_GENERATE_SWIFT_ASSET_SYMBOL_EXTENSIONS = YES;
				CLANG_ANALYZER_NONNULL = YES;
				CLANG_ANALYZER_NUMBER_OBJECT_CONVERSION = YES_AGGRESSIVE;
				CLANG_CXX_LANGUAGE_STANDARD = "gnu++20";
				CLANG_ENABLE_MODULES = YES;
				CLANG_ENABLE_OBJC_ARC = YES;
				CLANG_ENABLE_OBJC_WEAK = YES;
				CLANG_WARN_BLOCK_CAPTURE_AUTORELEASING = YES;
				CLANG_WARN_BOOL_CONVERSION = YES;
				CLANG_WARN_COMMA = YES;
				CLANG_WARN_CONSTANT_CONVERSION = YES;
				CLANG_WARN_DEPRECATED_OBJC_IMPLEMENTATIONS = YES;
				CLANG_WARN_DIRECT_OBJC_ISA_USAGE = YES_ERROR;
				CLANG_WARN_DOCUMENTATION_COMMENTS = YES;
				CLANG_WARN_EMPTY_BODY = YES;
				CLANG_WARN_ENUM_CONVERSION = YES;
				CLANG_WARN_INFINITE_RECURSION = YES;
				CLANG_WARN_INT_CONVERSION = YES;
				CLANG_WARN_NON_LITERAL_NULL_CONVERSION = YES;
				CLANG_WARN_OBJC_IMPLICIT_RETAIN_SELF = YES;
				CLANG_WARN_OBJC_LITERAL_CONVERSION = YES;
				CLANG_WARN_OBJC_ROOT_CLASS = YES_ERROR;
				CLANG_WARN_QUOTED_INCLUDE_IN_FRAMEWORK_HEADER = YES;
				CLANG_WARN_RANGE_LOOP_ANALYSIS = YES;
				CLANG_WARN_STRICT_PROTOTYPES = YES;
				CLANG_WARN_SUSPICIOUS_MOVE = YES;
				CLANG_WARN_UNGUARDED_AVAILABILITY = YES_AGGRESSIVE;
				CLANG_WARN_UNREACHABLE_CODE = YES;
				CLANG_WARN__DUPLICATE_METHOD_MATCH = YES;
				COPY_PHASE_STRIP = NO;
				DEBUG_INFORMATION_FORMAT = dwarf;
				ENABLE_STRICT_OBJC_MSGSEND = YES;
				ENABLE_TESTABILITY = YES;
				ENABLE_USER_SCRIPT_SANDBOXING = YES;
				GCC_C_LANGUAGE_STANDARD = gnu17;
				GCC_DYNAMIC_NO_PIC = NO;
				GCC_NO_COMMON_BLOCKS = YES;
				GCC_OPTIMIZATION_LEVEL = 0;
				GCC_PREPROCESSOR_DEFINITIONS = (
					"DEBUG=1",
					"$(inherited)",
				);
				GCC_WARN_64_TO_32_BIT_CONVERSION = YES;
				GCC_WARN_ABOUT_RETURN_TYPE = YES_ERROR;
				GCC_WARN_UNDECLARED_SELECTOR = YES;
				GCC_WARN_UNINITIALIZED_AUTOS = YES_AGGRESSIVE;
				GCC_WARN_UNUSED_FUNCTION = YES;
				GCC_WARN_UNUSED_VARIABLE = YES;
				IPHONEOS_DEPLOYMENT_TARGET = 17.5;
				LOCALIZATION_PREFERS_STRING_CATALOGS = YES;
				MTL_ENABLE_DEBUG_INFO = INCLUDE_SOURCE;
				MTL_FAST_MATH = YES;
				ONLY_ACTIVE_ARCH = YES;
				SDKROOT = iphoneos;
				SWIFT_ACTIVE_COMPILATION_CONDITIONS = "DEBUG $(inherited)";
				SWIFT_OPTIMIZATION_LEVEL = "-Onone";
			};
			name = Debug;
		};
		5098F89E2CE15D3F00E4E356 /* Release */ = {
			isa = XCBuildConfiguration;
			buildSettings = {
				ALWAYS_SEARCH_USER_PATHS = NO;
				ASSETCATALOG_COMPILER_GENERATE_SWIFT_ASSET_SYMBOL_EXTENSIONS = YES;
				CLANG_ANALYZER_NONNULL = YES;
				CLANG_ANALYZER_NUMBER_OBJECT_CONVERSION = YES_AGGRESSIVE;
				CLANG_CXX_LANGUAGE_STANDARD = "gnu++20";
				CLANG_ENABLE_MODULES = YES;
				CLANG_ENABLE_OBJC_ARC = YES;
				CLANG_ENABLE_OBJC_WEAK = YES;
				CLANG_WARN_BLOCK_CAPTURE_AUTORELEASING = YES;
				CLANG_WARN_BOOL_CONVERSION = YES;
				CLANG_WARN_COMMA = YES;
				CLANG_WARN_CONSTANT_CONVERSION = YES;
				CLANG_WARN_DEPRECATED_OBJC_IMPLEMENTATIONS = YES;
				CLANG_WARN_DIRECT_OBJC_ISA_USAGE = YES_ERROR;
				CLANG_WARN_DOCUMENTATION_COMMENTS = YES;
				CLANG_WARN_EMPTY_BODY = YES;
				CLANG_WARN_ENUM_CONVERSION = YES;
				CLANG_WARN_INFINITE_RECURSION = YES;
				CLANG_WARN_INT_CONVERSION = YES;
				CLANG_WARN_NON_LITERAL_NULL_CONVERSION = YES;
				CLANG_WARN_OBJC_IMPLICIT_RETAIN_SELF = YES;
				CLANG_WARN_OBJC_LITERAL_CONVERSION = YES;
				CLANG_WARN_OBJC_ROOT_CLASS = YES_ERROR;
				CLANG_WARN_QUOTED_INCLUDE_IN_FRAMEWORK_HEADER = YES;
				CLANG_WARN_RANGE_LOOP_ANALYSIS = YES;
				CLANG_WARN_STRICT_PROTOTYPES = YES;
				CLANG_WARN_SUSPICIOUS_MOVE = YES;
				CLANG_WARN_UNGUARDED_AVAILABILITY = YES_AGGRESSIVE;
				CLANG_WARN_UNREACHABLE_CODE = YES;
				CLANG_WARN__DUPLICATE_METHOD_MATCH = YES;
				COPY_PHASE_STRIP = NO;
				DEBUG_INFORMATION_FORMAT = "dwarf-with-dsym";
				ENABLE_NS_ASSERTIONS = NO;
				ENABLE_STRICT_OBJC_MSGSEND = YES;
				ENABLE_USER_SCRIPT_SANDBOXING = YES;
				GCC_C_LANGUAGE_STANDARD = gnu17;
				GCC_NO_COMMON_BLOCKS = YES;
				GCC_WARN_64_TO_32_BIT_CONVERSION = YES;
				GCC_WARN_ABOUT_RETURN_TYPE = YES_ERROR;
				GCC_WARN_UNDECLARED_SELECTOR = YES;
				GCC_WARN_UNINITIALIZED_AUTOS = YES_AGGRESSIVE;
				GCC_WARN_UNUSED_FUNCTION = YES;
				GCC_WARN_UNUSED_VARIABLE = YES;
				IPHONEOS_DEPLOYMENT_TARGET = 17.5;
				LOCALIZATION_PREFERS_STRING_CATALOGS = YES;
				MTL_ENABLE_DEBUG_INFO = NO;
				MTL_FAST_MATH = YES;
				SDKROOT = iphoneos;
				SWIFT_COMPILATION_MODE = wholemodule;
				VALIDATE_PRODUCT = YES;
			};
			name = Release;
		};
		5098F8A02CE15D3F00E4E356 /* Debug */ = {
			isa = XCBuildConfiguration;
			buildSettings = {
				ASSETCATALOG_COMPILER_APPICON_NAME = AppIcon;
				ASSETCATALOG_COMPILER_GLOBAL_ACCENT_COLOR_NAME = AccentColor;
				CODE_SIGN_STYLE = Automatic;
				CURRENT_PROJECT_VERSION = 1;
				GENERATE_INFOPLIST_FILE = YES;
				INFOPLIST_FILE = "Guided Project - Light/Info.plist";
				INFOPLIST_KEY_UIApplicationSupportsIndirectInputEvents = YES;
				INFOPLIST_KEY_UILaunchStoryboardName = LaunchScreen;
				INFOPLIST_KEY_UIMainStoryboardFile = Main;
				INFOPLIST_KEY_UISupportedInterfaceOrientations_iPad = "UIInterfaceOrientationPortrait UIInterfaceOrientationPortraitUpsideDown UIInterfaceOrientationLandscapeLeft UIInterfaceOrientationLandscapeRight";
				INFOPLIST_KEY_UISupportedInterfaceOrientations_iPhone = "UIInterfaceOrientationPortrait UIInterfaceOrientationLandscapeLeft UIInterfaceOrientationLandscapeRight";
				LD_RUNPATH_SEARCH_PATHS = (
					"$(inherited)",
					"@executable_path/Frameworks",
				);
				MARKETING_VERSION = 1.0;
				PRODUCT_BUNDLE_IDENTIFIER = "n.Guided-Project---Light";
				PRODUCT_NAME = "$(TARGET_NAME)";
				SWIFT_EMIT_LOC_STRINGS = YES;
				SWIFT_VERSION = 5.0;
				TARGETED_DEVICE_FAMILY = "1,2";
			};
			name = Debug;
		};
		5098F8A12CE15D3F00E4E356 /* Release */ = {
			isa = XCBuildConfiguration;
			buildSettings = {
				ASSETCATALOG_COMPILER_APPICON_NAME = AppIcon;
				ASSETCATALOG_COMPILER_GLOBAL_ACCENT_COLOR_NAME = AccentColor;
				CODE_SIGN_STYLE = Automatic;
				CURRENT_PROJECT_VERSION = 1;
				GENERATE_INFOPLIST_FILE = YES;
				INFOPLIST_FILE = "Guided Project - Light/Info.plist";
				INFOPLIST_KEY_UIApplicationSupportsIndirectInputEvents = YES;
				INFOPLIST_KEY_UILaunchStoryboardName = LaunchScreen;
				INFOPLIST_KEY_UIMainStoryboardFile = Main;
				INFOPLIST_KEY_UISupportedInterfaceOrientations_iPad = "UIInterfaceOrientationPortrait UIInterfaceOrientationPortraitUpsideDown UIInterfaceOrientationLandscapeLeft UIInterfaceOrientationLandscapeRight";
				INFOPLIST_KEY_UISupportedInterfaceOrientations_iPhone = "UIInterfaceOrientationPortrait UIInterfaceOrientationLandscapeLeft UIInterfaceOrientationLandscapeRight";
				LD_RUNPATH_SEARCH_PATHS = (
					"$(inherited)",
					"@executable_path/Frameworks",
				);
				MARKETING_VERSION = 1.0;
				PRODUCT_BUNDLE_IDENTIFIER = "n.Guided-Project---Light";
				PRODUCT_NAME = "$(TARGET_NAME)";
				SWIFT_EMIT_LOC_STRINGS = YES;
				SWIFT_VERSION = 5.0;
				TARGETED_DEVICE_FAMILY = "1,2";
			};
			name = Release;
		};
		5098F8A32CE15D3F00E4E356 /* Debug */ = {
			isa = XCBuildConfiguration;
			buildSettings = {
				ALWAYS_EMBED_SWIFT_STANDARD_LIBRARIES = YES;
				BUNDLE_LOADER = "$(TEST_HOST)";
				CODE_SIGN_STYLE = Automatic;
				CURRENT_PROJECT_VERSION = 1;
				GENERATE_INFOPLIST_FILE = YES;
				IPHONEOS_DEPLOYMENT_TARGET = 17.5;
				MARKETING_VERSION = 1.0;
				PRODUCT_BUNDLE_IDENTIFIER = "n.Guided-Project---LightTests";
				PRODUCT_NAME = "$(TARGET_NAME)";
				SWIFT_EMIT_LOC_STRINGS = NO;
				SWIFT_VERSION = 5.0;
				TARGETED_DEVICE_FAMILY = "1,2";
				TEST_HOST = "$(BUILT_PRODUCTS_DIR)/Guided Project - Light.app/$(BUNDLE_EXECUTABLE_FOLDER_PATH)/Guided Project - Light";
			};
			name = Debug;
		};
		5098F8A42CE15D3F00E4E356 /* Release */ = {
			isa = XCBuildConfiguration;
			buildSettings = {
				ALWAYS_EMBED_SWIFT_STANDARD_LIBRARIES = YES;
				BUNDLE_LOADER = "$(TEST_HOST)";
				CODE_SIGN_STYLE = Automatic;
				CURRENT_PROJECT_VERSION = 1;
				GENERATE_INFOPLIST_FILE = YES;
				IPHONEOS_DEPLOYMENT_TARGET = 17.5;
				MARKETING_VERSION = 1.0;
				PRODUCT_BUNDLE_IDENTIFIER = "n.Guided-Project---LightTests";
				PRODUCT_NAME = "$(TARGET_NAME)";
				SWIFT_EMIT_LOC_STRINGS = NO;
				SWIFT_VERSION = 5.0;
				TARGETED_DEVICE_FAMILY = "1,2";
				TEST_HOST = "$(BUILT_PRODUCTS_DIR)/Guided Project - Light.app/$(BUNDLE_EXECUTABLE_FOLDER_PATH)/Guided Project - Light";
			};
			name = Release;
		};
		5098F8A62CE15D3F00E4E356 /* Debug */ = {
			isa = XCBuildConfiguration;
			buildSettings = {
				ALWAYS_EMBED_SWIFT_STANDARD_LIBRARIES = YES;
				CODE_SIGN_STYLE = Automatic;
				CURRENT_PROJECT_VERSION = 1;
				GENERATE_INFOPLIST_FILE = YES;
				MARKETING_VERSION = 1.0;
				PRODUCT_BUNDLE_IDENTIFIER = "n.Guided-Project---LightUITests";
				PRODUCT_NAME = "$(TARGET_NAME)";
				SWIFT_EMIT_LOC_STRINGS = NO;
				SWIFT_VERSION = 5.0;
				TARGETED_DEVICE_FAMILY = "1,2";
				TEST_TARGET_NAME = "Guided Project - Light";
			};
			name = Debug;
		};
		5098F8A72CE15D3F00E4E356 /* Release */ = {
			isa = XCBuildConfiguration;
			buildSettings = {
				ALWAYS_EMBED_SWIFT_STANDARD_LIBRARIES = YES;
				CODE_SIGN_STYLE = Automatic;
				CURRENT_PROJECT_VERSION = 1;
				GENERATE_INFOPLIST_FILE = YES;
				MARKETING_VERSION = 1.0;
				PRODUCT_BUNDLE_IDENTIFIER = "n.Guided-Project---LightUITests";
				PRODUCT_NAME = "$(TARGET_NAME)";
				SWIFT_EMIT_LOC_STRINGS = NO;
				SWIFT_VERSION = 5.0;
				TARGETED_DEVICE_FAMILY = "1,2";
				TEST_TARGET_NAME = "Guided Project - Light";
			};
			name = Release;
		};
/* End XCBuildConfiguration section */

/* Begin XCConfigurationList section */
		5098F8702CE15D3D00E4E356 /* Build configuration list for PBXProject "Guided Project - Light" */ = {
			isa = XCConfigurationList;
			buildConfigurations = (
				5098F89D2CE15D3F00E4E356 /* Debug */,
				5098F89E2CE15D3F00E4E356 /* Release */,
			);
			defaultConfigurationIsVisible = 0;
			defaultConfigurationName = Release;
		};
		5098F89F2CE15D3F00E4E356 /* Build configuration list for PBXNativeTarget "Guided Project - Light" */ = {
			isa = XCConfigurationList;
			buildConfigurations = (
				5098F8A02CE15D3F00E4E356 /* Debug */,
				5098F8A12CE15D3F00E4E356 /* Release */,
			);
			defaultConfigurationIsVisible = 0;
			defaultConfigurationName = Release;
		};
		5098F8A22CE15D3F00E4E356 /* Build configuration list for PBXNativeTarget "Guided Project - LightTests" */ = {
			isa = XCConfigurationList;
			buildConfigurations = (
				5098F8A32CE15D3F00E4E356 /* Debug */,
				5098F8A42CE15D3F00E4E356 /* Release */,
			);
			defaultConfigurationIsVisible = 0;
			defaultConfigurationName = Release;
		};
		5098F8A52CE15D3F00E4E356 /* Build configuration list for PBXNativeTarget "Guided Project - LightUITests" */ = {
			isa = XCConfigurationList;
			buildConfigurations = (
				5098F8A62CE15D3F00E4E356 /* Debug */,
				5098F8A72CE15D3F00E4E356 /* Release */,
			);
			defaultConfigurationIsVisible = 0;
			defaultConfigurationName = Release;
		};
/* End XCConfigurationList section */
	};
	rootObject = 5098F86D2CE15D3D00E4E356 /* Project object */;
}
